
Microsoft Visual Studio Solution File, Format Version 12.00
# Visual Studio Version 16
VisualStudioVersion = 16.0.32126.315
MinimumVisualStudioVersion = 10.0.40219.1
Project("{FAE04EC0-301F-11D3-BF4B-00C04F79EFBC}") = "eTickets", "eTickets\eTickets.csproj", "{976E1EFD-01A9-4BBA-BCD5-7C08E399EDDE}"
EndProject
Global
	GlobalSection(SolutionConfigurationPlatforms) = preSolution
		Debug|Any CPU = Debug|Any CPU
		Release|Any CPU = Release|Any CPU
	EndGlobalSection
	GlobalSection(ProjectConfigurationPlatforms) = postSolution
		{976E1EFD-01A9-4BBA-BCD5-7C08E399EDDE}.Debug|Any CPU.ActiveCfg = Debug|Any CPU
		{976E1EFD-01A9-4BBA-BCD5-7C08E399EDDE}.Debug|Any CPU.Build.0 = Debug|Any CPU
		{976E1EFD-01A9-4BBA-BCD5-7C08E399EDDE}.Release|Any CPU.ActiveCfg = Release|Any CPU
		{976E1EFD-01A9-4BBA-BCD5-7C08E399EDDE}.Release|Any CPU.Build.0 = Release|Any CPU
	EndGlobalSection
	GlobalSection(SolutionProperties) = preSolution
		HideSolutionNode = FALSE
	EndGlobalSection
	GlobalSection(ExtensibilityGlobals) = postSolution
		SolutionGuid = {0AB6B084-5A6E-4A3D-8F8A-56B74E9399B8}
	EndGlobalSection
EndGlobal
